<?xml version="1.0" encoding="utf-8"?>
<Project ToolsVersion="4.0" xmlns="http://schemas.microsoft.com/developer/msbuild/2003">
  <ItemGroup>
    <Filter Include="00.GameInstance">
      <UniqueIdentifier>{35385530-c9a2-4ba6-bbb5-58daffe5543b}</UniqueIdentifier>
    </Filter>
    <Filter Include="01.Timers">
      <UniqueIdentifier>{97a7fae7-fb0e-4a8f-88a8-7fc4cba77824}</UniqueIdentifier>
    </Filter>
    <Filter Include="01.Timers\Manager">
      <UniqueIdentifier>{7eb885d5-ceab-4263-81d7-d0a61a4587fe}</UniqueIdentifier>
    </Filter>
    <Filter Include="99.Defines">
      <UniqueIdentifier>{d2172ce8-2a75-43d7-88d1-576988ac81fe}</UniqueIdentifier>
    </Filter>
    <Filter Include="02.Device">
      <UniqueIdentifier>{c5420b2d-76f9-445e-bf4f-a31698de3246}</UniqueIdentifier>
    </Filter>
    <Filter Include="02.Device\Graphic">
      <UniqueIdentifier>{17718b39-620d-4f2d-b88c-c629a278d134}</UniqueIdentifier>
    </Filter>
    <Filter Include="03.Level">
      <UniqueIdentifier>{9e4daaf0-5c70-437f-8cb2-f75a9e3135fe}</UniqueIdentifier>
    </Filter>
    <Filter Include="03.Level\Manager">
      <UniqueIdentifier>{36b4c6de-448f-4014-984e-65f9a6807f20}</UniqueIdentifier>
    </Filter>
    <Filter Include="04.Prototype">
      <UniqueIdentifier>{5da78cdb-3eef-485b-8d62-2d84b3cd1629}</UniqueIdentifier>
    </Filter>
    <Filter Include="05.GameObject">
      <UniqueIdentifier>{616e2efe-7fa9-4f11-bb63-5b0164c9af13}</UniqueIdentifier>
    </Filter>
    <Filter Include="06.Component">
      <UniqueIdentifier>{684bf64d-ba9b-4434-b80a-692c325e582a}</UniqueIdentifier>
    </Filter>
    <Filter Include="04.Prototype\Manager">
      <UniqueIdentifier>{03358375-895e-451b-b849-ee2fc291bad3}</UniqueIdentifier>
    </Filter>
    <Filter Include="05.GameObject\Manager">
      <UniqueIdentifier>{615b3905-a2e4-4195-a997-66ae8f060def}</UniqueIdentifier>
    </Filter>
    <Filter Include="05.GameObject\Manager\Layer">
      <UniqueIdentifier>{d453ff19-4222-4bfd-b7a9-3d233d3ec7fc}</UniqueIdentifier>
    </Filter>
    <Filter Include="07.Renderer">
      <UniqueIdentifier>{43698cb2-63b4-4d5e-a55d-42cf8442e5ec}</UniqueIdentifier>
    </Filter>
    <Filter Include="98.ImGui">
      <UniqueIdentifier>{fc1ad67a-1562-428e-ab43-204e2be57a1e}</UniqueIdentifier>
    </Filter>
    <Filter Include="98.ImGui\Manager">
      <UniqueIdentifier>{743f0a46-d3be-4dce-acad-35c9d43058a5}</UniqueIdentifier>
    </Filter>
    <Filter Include="98.ImGui\ImGUI">
      <UniqueIdentifier>{69818df8-1b83-471b-8022-575e255da66b}</UniqueIdentifier>
    </Filter>
    <Filter Include="98.ImGui\ImGUIzmo">
      <UniqueIdentifier>{f91ad1f7-25fa-44a0-8979-d29a55b78a14}</UniqueIdentifier>
    </Filter>
    <Filter Include="06.Component\VIBuffer">
      <UniqueIdentifier>{c682f080-0dec-4468-852c-00ead7b55340}</UniqueIdentifier>
    </Filter>
    <Filter Include="06.Component\VIBuffer\fbx">
      <UniqueIdentifier>{640a9aad-3471-473c-8347-15d3686d2746}</UniqueIdentifier>
    </Filter>
    <Filter Include="06.Component\Transform">
      <UniqueIdentifier>{6b1c9871-e341-4926-9d31-2203c8df479a}</UniqueIdentifier>
    </Filter>
    <Filter Include="06.Component\Shader">
      <UniqueIdentifier>{7cf50a54-085a-4cba-bdd5-b6667a5f03ab}</UniqueIdentifier>
    </Filter>
    <Filter Include="06.Component\VIBuffer\Test">
      <UniqueIdentifier>{2c6acf3a-bb1c-4755-a39a-90f291498126}</UniqueIdentifier>
    </Filter>
    <Filter Include="06.Component\Model">
      <UniqueIdentifier>{d09fff03-15ea-4a82-9acf-b84db8b185d4}</UniqueIdentifier>
    </Filter>
    <Filter Include="06.Component\Model\Mesh">
      <UniqueIdentifier>{7ed7df89-2844-43fc-802d-f6141a26eef7}</UniqueIdentifier>
    </Filter>
    <Filter Include="05.GameObject\Camera">
      <UniqueIdentifier>{91479fe1-3a1d-4889-be92-0a9e9c9f098a}</UniqueIdentifier>
    </Filter>
    <Filter Include="08.Key">
      <UniqueIdentifier>{a801db61-e4b3-4e2a-a4d2-83944a1393ae}</UniqueIdentifier>
    </Filter>
    <Filter Include="08.Key\Manager">
      <UniqueIdentifier>{feb22599-cbcf-46d9-81af-7a2c8f225b67}</UniqueIdentifier>
    </Filter>
    <Filter Include="06.Component\Texture">
      <UniqueIdentifier>{c98dae71-ce96-4ba4-8e9a-047a31956773}</UniqueIdentifier>
    </Filter>
    <Filter Include="06.Component\Collider">
      <UniqueIdentifier>{dff704e8-7ce5-4879-9c44-bc10ceb2cefb}</UniqueIdentifier>
    </Filter>
    <Filter Include="06.Component\Collider\Manager">
      <UniqueIdentifier>{3ea2c1b5-6298-4e61-88ae-b058ff8064fb}</UniqueIdentifier>
    </Filter>
    <Filter Include="06.Component\Collider\AABB">
      <UniqueIdentifier>{3120d182-7057-4c9d-8854-0fe283298d3e}</UniqueIdentifier>
    </Filter>
    <Filter Include="06.Component\Model\Material">
      <UniqueIdentifier>{2b431b6c-8ecc-44e7-ba46-d2ed1b054f74}</UniqueIdentifier>
    </Filter>
    <Filter Include="06.Component\Collider\OBB">
      <UniqueIdentifier>{77139711-9b81-4c5c-a6c5-9fb9e78dde3f}</UniqueIdentifier>
    </Filter>
    <Filter Include="06.Component\Model\Bone">
      <UniqueIdentifier>{ede68cec-7555-4156-a30f-04ae038402d3}</UniqueIdentifier>
    </Filter>
    <Filter Include="06.Component\Model\Animation">
      <UniqueIdentifier>{2fda181f-399b-40b5-bd83-bf1c90e0bbbb}</UniqueIdentifier>
    </Filter>
    <Filter Include="06.Component\Model\Animation\Channel">
      <UniqueIdentifier>{cfb7cead-583e-43cb-b776-d0ba40303586}</UniqueIdentifier>
    </Filter>
    <Filter Include="09.MapTool">
      <UniqueIdentifier>{929a9172-0bd5-4fb9-a2d8-58e142bda6b3}</UniqueIdentifier>
    </Filter>
    <Filter Include="09.MapTool\Map_Manager">
      <UniqueIdentifier>{7e7f4fa0-302e-4be9-a966-450158688dc3}</UniqueIdentifier>
    </Filter>
    <Filter Include="06.Component\VIBuffer\Terrain">
      <UniqueIdentifier>{09eb3ad7-7b66-494d-96dc-e133cda168d4}</UniqueIdentifier>
    </Filter>
    <Filter Include="06.Component\VIBuffer\Cube">
      <UniqueIdentifier>{c7132cad-5bf0-429f-a1ca-e65f67c7c5f8}</UniqueIdentifier>
    </Filter>
    <Filter Include="05.GameObject\ContainerObject">
      <UniqueIdentifier>{1da376c8-b527-448b-8a9d-533a11c83422}</UniqueIdentifier>
    </Filter>
    <Filter Include="05.GameObject\ContainerObject\PartObject">
      <UniqueIdentifier>{dd58cd3e-81f4-46eb-a503-69e6f116c27a}</UniqueIdentifier>
    </Filter>
    <Filter Include="10.FSM">
      <UniqueIdentifier>{8fe1a21d-a0e8-4fb4-9026-3ab3081dc800}</UniqueIdentifier>
    </Filter>
    <Filter Include="11.Font">
      <UniqueIdentifier>{1028154d-4b9f-4ca5-9120-d6f86b36fa13}</UniqueIdentifier>
    </Filter>
    <Filter Include="11.Font\Font_Manager">
      <UniqueIdentifier>{638681a8-cd54-4610-a857-8aef4fb80cd7}</UniqueIdentifier>
    </Filter>
    <Filter Include="06.Component\Collider\Sphere">
      <UniqueIdentifier>{1719c276-84d0-4d70-8f52-6289b32524de}</UniqueIdentifier>
    </Filter>
    <Filter Include="06.Component\Navigation">
      <UniqueIdentifier>{f6136249-a0a4-43d3-a267-d8779fa076e1}</UniqueIdentifier>
    </Filter>
    <Filter Include="06.Component\Navigation\Cell">
      <UniqueIdentifier>{0f5525b6-c113-4f17-aa99-b5c4baaaf0f5}</UniqueIdentifier>
    </Filter>
    <Filter Include="06.Component\VIBuffer\Cell">
      <UniqueIdentifier>{a567168b-8a94-4e83-9753-95ea3bdea74b}</UniqueIdentifier>
    </Filter>
    <Filter Include="06.Component\VIBuffer\Instancing">
      <UniqueIdentifier>{0693bbde-9f0d-474a-9208-345518f38c1b}</UniqueIdentifier>
    </Filter>
    <Filter Include="06.Component\VIBuffer\Instancing\Model">
      <UniqueIdentifier>{2844403c-5d92-4533-a69b-02892ae8cbb3}</UniqueIdentifier>
    </Filter>
    <Filter Include="06.Component\VIBuffer\Instancing\Model\InstanceModel">
      <UniqueIdentifier>{7c375746-789a-4bc6-95cd-2c754cd1d7c0}</UniqueIdentifier>
    </Filter>
    <Filter Include="06.Component\VIBuffer\Rect">
      <UniqueIdentifier>{5a5176f2-d2d1-4970-9291-571c4985dc9f}</UniqueIdentifier>
    </Filter>
    <Filter Include="05.GameObject\UIObject">
      <UniqueIdentifier>{6a673e32-755f-4d4a-b759-46edb2248786}</UniqueIdentifier>
    </Filter>
    <Filter Include="12.UI">
      <UniqueIdentifier>{8ed9e64f-5f48-491e-8851-3697dd954988}</UniqueIdentifier>
    </Filter>
    <Filter Include="13.Light">
      <UniqueIdentifier>{7dd61bf9-f66a-4107-b359-ea16dcc9f47f}</UniqueIdentifier>
    </Filter>
    <Filter Include="13.Light\Manager">
      <UniqueIdentifier>{f79bcf84-2e3a-4164-9a90-f9704df3b763}</UniqueIdentifier>
    </Filter>
    <Filter Include="14.RenderTargets">
      <UniqueIdentifier>{7e1fbe6a-9602-403f-9249-efe18b1ed41f}</UniqueIdentifier>
    </Filter>
    <Filter Include="14.RenderTargets\Manager">
      <UniqueIdentifier>{e3dfbb6f-993c-4784-94a1-0ef17dc5e9a7}</UniqueIdentifier>
    </Filter>
    <Filter Include="99.Defines\Shader">
      <UniqueIdentifier>{b6d154b7-0001-4763-8952-e1e8370aa08a}</UniqueIdentifier>
    </Filter>
    <Filter Include="15.Picking">
      <UniqueIdentifier>{187e7b3b-f50a-45b9-a17e-c3c14d766a6d}</UniqueIdentifier>
    </Filter>
  </ItemGroup>
  <ItemGroup>
    <ClCompile Include="..\Private\GameInstance.cpp">
      <Filter>00.GameInstance</Filter>
    </ClCompile>
    <ClCompile Include="..\Private\Timer_Manager.cpp">
      <Filter>01.Timers\Manager</Filter>
    </ClCompile>
    <ClCompile Include="..\Private\Timer.cpp">
      <Filter>01.Timers</Filter>
    </ClCompile>
    <ClCompile Include="..\Private\Graphic_Device.cpp">
      <Filter>02.Device\Graphic</Filter>
    </ClCompile>
    <ClCompile Include="..\Private\CLevel.cpp">
      <Filter>03.Level</Filter>
    </ClCompile>
    <ClCompile Include="..\Private\Level_Manager.cpp">
      <Filter>03.Level\Manager</Filter>
    </ClCompile>
    <ClCompile Include="..\Private\GameObject.cpp">
      <Filter>05.GameObject</Filter>
    </ClCompile>
    <ClCompile Include="..\Private\Component.cpp">
      <Filter>06.Component</Filter>
    </ClCompile>
    <ClCompile Include="..\Private\Prototype_Manager.cpp">
      <Filter>04.Prototype\Manager</Filter>
    </ClCompile>
    <ClCompile Include="..\Private\Prototype.cpp">
      <Filter>04.Prototype</Filter>
    </ClCompile>
    <ClCompile Include="..\Private\Object_Manager.cpp">
      <Filter>05.GameObject\Manager</Filter>
    </ClCompile>
    <ClCompile Include="..\Private\Layer.cpp">
      <Filter>05.GameObject\Manager\Layer</Filter>
    </ClCompile>
    <ClCompile Include="..\Private\Renderer.cpp">
      <Filter>07.Renderer</Filter>
    </ClCompile>
    <ClCompile Include="..\Private\ImGUI_Manager.cpp">
      <Filter>98.ImGui\Manager</Filter>
    </ClCompile>
    <ClCompile Include="..\lib\imgui\imgui-1.83\imgui.cpp">
      <Filter>98.ImGui\ImGUI</Filter>
    </ClCompile>
    <ClCompile Include="..\lib\imgui\imgui-1.83\imgui_demo.cpp">
      <Filter>98.ImGui\ImGUI</Filter>
    </ClCompile>
    <ClCompile Include="..\lib\imgui\imgui-1.83\imgui_draw.cpp">
      <Filter>98.ImGui\ImGUI</Filter>
    </ClCompile>
    <ClCompile Include="..\lib\imgui\imgui-1.83\imgui_impl_dx11.cpp">
      <Filter>98.ImGui\ImGUI</Filter>
    </ClCompile>
    <ClCompile Include="..\lib\imgui\imgui-1.83\imgui_impl_win32.cpp">
      <Filter>98.ImGui\ImGUI</Filter>
    </ClCompile>
    <ClCompile Include="..\lib\imgui\imgui-1.83\imgui_tables.cpp">
      <Filter>98.ImGui\ImGUI</Filter>
    </ClCompile>
    <ClCompile Include="..\lib\imgui\imgui-1.83\imgui_widgets.cpp">
      <Filter>98.ImGui\ImGUI</Filter>
    </ClCompile>
    <ClCompile Include="..\Private\VIBuffer.cpp">
      <Filter>06.Component\VIBuffer</Filter>
    </ClCompile>
    <ClCompile Include="..\Private\VIBuffer_Fbx.cpp">
      <Filter>06.Component\VIBuffer\fbx</Filter>
    </ClCompile>
    <ClCompile Include="..\Private\Transform.cpp">
      <Filter>06.Component\Transform</Filter>
    </ClCompile>
    <ClCompile Include="..\lib\imgui\ImGuizmo-1.83\GraphEditor.cpp">
      <Filter>98.ImGui\ImGUIzmo</Filter>
    </ClCompile>
    <ClCompile Include="..\lib\imgui\ImGuizmo-1.83\ImCurveEdit.cpp">
      <Filter>98.ImGui\ImGUIzmo</Filter>
    </ClCompile>
    <ClCompile Include="..\lib\imgui\ImGuizmo-1.83\ImGradient.cpp">
      <Filter>98.ImGui\ImGUIzmo</Filter>
    </ClCompile>
    <ClCompile Include="..\lib\imgui\ImGuizmo-1.83\ImGuizmo.cpp">
      <Filter>98.ImGui\ImGUIzmo</Filter>
    </ClCompile>
    <ClCompile Include="..\lib\imgui\ImGuizmo-1.83\ImSequencer.cpp">
      <Filter>98.ImGui\ImGUIzmo</Filter>
    </ClCompile>
    <ClCompile Include="..\Private\Shader.cpp">
      <Filter>06.Component\Shader</Filter>
    </ClCompile>
    <ClCompile Include="..\Private\VIBuffer_Rect.cpp">
      <Filter>06.Component\VIBuffer\Test</Filter>
    </ClCompile>
    <ClCompile Include="..\Private\VIBuffer_Mesh.cpp">
      <Filter>06.Component\VIBuffer\fbx</Filter>
    </ClCompile>
    <ClCompile Include="..\Private\Mesh.cpp">
      <Filter>06.Component\Model\Mesh</Filter>
    </ClCompile>
    <ClCompile Include="..\Private\Model.cpp">
      <Filter>06.Component\Model</Filter>
    </ClCompile>
    <ClCompile Include="..\Private\Camera.cpp">
      <Filter>05.GameObject\Camera</Filter>
    </ClCompile>
    <ClCompile Include="..\Private\Key_Manager.cpp">
      <Filter>08.Key\Manager</Filter>
    </ClCompile>
    <ClCompile Include="..\Private\Texture.cpp">
      <Filter>06.Component\Texture</Filter>
    </ClCompile>
    <ClCompile Include="..\Private\BaseCollider.cpp">
      <Filter>06.Component\Collider</Filter>
    </ClCompile>
    <ClCompile Include="..\Private\AABB_Collider.cpp">
      <Filter>06.Component\Collider\AABB</Filter>
    </ClCompile>
    <ClCompile Include="..\Private\Collider_Manager.cpp">
      <Filter>06.Component\Collider\Manager</Filter>
    </ClCompile>
    <ClCompile Include="..\Private\Material.cpp">
      <Filter>06.Component\Model\Material</Filter>
    </ClCompile>
    <ClCompile Include="..\Private\OBB_Collider.cpp">
      <Filter>06.Component\Collider\OBB</Filter>
    </ClCompile>
    <ClCompile Include="..\Private\Bone.cpp">
      <Filter>06.Component\Model\Bone</Filter>
    </ClCompile>
    <ClCompile Include="..\Private\Animation.cpp">
      <Filter>06.Component\Model\Animation</Filter>
    </ClCompile>
    <ClCompile Include="..\Private\Channel.cpp">
      <Filter>06.Component\Model\Animation\Channel</Filter>
    </ClCompile>
    <ClCompile Include="..\Private\Map_Manager.cpp">
      <Filter>09.MapTool\Map_Manager</Filter>
    </ClCompile>
    <ClCompile Include="..\Private\VIBuffer_Terrain.cpp">
      <Filter>06.Component\VIBuffer\Terrain</Filter>
    </ClCompile>
    <ClCompile Include="..\Private\VIBuffer_Cube.cpp">
      <Filter>06.Component\VIBuffer\Cube</Filter>
    </ClCompile>
    <ClCompile Include="..\Private\Camera_Manager.cpp">
      <Filter>05.GameObject\Camera</Filter>
    </ClCompile>
    <ClCompile Include="..\Private\ContainerObject.cpp">
      <Filter>05.GameObject\ContainerObject</Filter>
    </ClCompile>
    <ClCompile Include="..\Private\PartObject.cpp">
      <Filter>05.GameObject\ContainerObject\PartObject</Filter>
    </ClCompile>
    <ClCompile Include="..\Private\FSM.cpp">
      <Filter>10.FSM</Filter>
    </ClCompile>
    <ClCompile Include="..\Private\Font_Manager.cpp">
      <Filter>11.Font\Font_Manager</Filter>
    </ClCompile>
    <ClCompile Include="..\Private\CustomFont.cpp">
      <Filter>11.Font</Filter>
    </ClCompile>
    <ClCompile Include="..\Private\Sphere_Collider.cpp">
      <Filter>06.Component\Collider\Sphere</Filter>
    </ClCompile>
    <ClCompile Include="..\Private\Navigation.cpp">
      <Filter>06.Component\Navigation</Filter>
    </ClCompile>
    <ClCompile Include="..\Private\Cell.cpp">
      <Filter>06.Component\Navigation\Cell</Filter>
    </ClCompile>
    <ClCompile Include="..\Private\VIBuffer_Cell.cpp">
      <Filter>06.Component\VIBuffer\Cell</Filter>
    </ClCompile>
    <ClCompile Include="..\Private\VIBuffer_Instance.cpp">
      <Filter>06.Component\VIBuffer\Instancing</Filter>
    </ClCompile>
    <ClCompile Include="..\Private\VIBuffer_Mesh_Instance.cpp">
      <Filter>06.Component\VIBuffer\Instancing\Model</Filter>
    </ClCompile>
    <ClCompile Include="..\Private\InstanceModel.cpp">
      <Filter>06.Component\VIBuffer\Instancing\Model\InstanceModel</Filter>
    </ClCompile>
    <ClCompile Include="..\Private\UIObject.cpp">
      <Filter>05.GameObject\UIObject</Filter>
    </ClCompile>
    <ClCompile Include="..\Private\UI_Manager.cpp">
      <Filter>12.UI</Filter>
    </ClCompile>
    <ClCompile Include="..\Private\Light.cpp">
      <Filter>13.Light</Filter>
    </ClCompile>
    <ClCompile Include="..\Private\Light_Manager.cpp">
      <Filter>13.Light\Manager</Filter>
    </ClCompile>
    <ClCompile Include="..\Private\RenderTarget.cpp">
      <Filter>14.RenderTargets</Filter>
    </ClCompile>
    <ClCompile Include="..\Private\Target_Manager.cpp">
      <Filter>14.RenderTargets\Manager</Filter>
    </ClCompile>
    <ClCompile Include="..\Private\Picking.cpp">
      <Filter>15.Picking</Filter>
    </ClCompile>
  </ItemGroup>
  <ItemGroup>
    <ClInclude Include="..\Public\GameInstance.h">
      <Filter>00.GameInstance</Filter>
    </ClInclude>
    <ClInclude Include="..\Public\Timer_Manager.h">
      <Filter>01.Timers\Manager</Filter>
    </ClInclude>
    <ClInclude Include="..\Public\Timer.h">
      <Filter>01.Timers</Filter>
    </ClInclude>
    <ClInclude Include="..\Public\Engine_Defines.h">
      <Filter>99.Defines</Filter>
    </ClInclude>
    <ClInclude Include="..\Public\Engine_Enum.h">
      <Filter>99.Defines</Filter>
    </ClInclude>
    <ClInclude Include="..\Public\Engine_Function.h">
      <Filter>99.Defines</Filter>
    </ClInclude>
    <ClInclude Include="..\Public\Engine_Macro.h">
      <Filter>99.Defines</Filter>
    </ClInclude>
    <ClInclude Include="..\Public\Engine_Struct.h">
      <Filter>99.Defines</Filter>
    </ClInclude>
    <ClInclude Include="..\Public\Engine_Typedef.h">
      <Filter>99.Defines</Filter>
    </ClInclude>
    <ClInclude Include="..\Public\Graphic_Device.h">
      <Filter>02.Device\Graphic</Filter>
    </ClInclude>
    <ClInclude Include="..\Public\CLevel.h">
      <Filter>03.Level</Filter>
    </ClInclude>
    <ClInclude Include="..\Public\Level_Manager.h">
      <Filter>03.Level\Manager</Filter>
    </ClInclude>
    <ClInclude Include="..\Public\GameObject.h">
      <Filter>05.GameObject</Filter>
    </ClInclude>
    <ClInclude Include="..\Public\Component.h">
      <Filter>06.Component</Filter>
    </ClInclude>
    <ClInclude Include="..\Public\Prototype_Manager.h">
      <Filter>04.Prototype\Manager</Filter>
    </ClInclude>
    <ClInclude Include="..\Public\Prototype.h">
      <Filter>04.Prototype</Filter>
    </ClInclude>
    <ClInclude Include="..\Public\Object_Manager.h">
      <Filter>05.GameObject\Manager</Filter>
    </ClInclude>
    <ClInclude Include="..\Public\Layer.h">
      <Filter>05.GameObject\Manager\Layer</Filter>
    </ClInclude>
    <ClInclude Include="..\Public\Renderer.h">
      <Filter>07.Renderer</Filter>
    </ClInclude>
    <ClInclude Include="..\Public\ImGUI_Manager.h">
      <Filter>98.ImGui\Manager</Filter>
    </ClInclude>
    <ClInclude Include="..\Public\VIBuffer.h">
      <Filter>06.Component\VIBuffer</Filter>
    </ClInclude>
    <ClInclude Include="..\Public\VIBuffer_Fbx.h">
      <Filter>06.Component\VIBuffer\fbx</Filter>
    </ClInclude>
    <ClInclude Include="..\Public\Transform.h">
      <Filter>06.Component\Transform</Filter>
    </ClInclude>
    <ClInclude Include="..\Public\Shader.h">
      <Filter>06.Component\Shader</Filter>
    </ClInclude>
    <ClInclude Include="..\Public\VIBuffer_Rect.h">
      <Filter>06.Component\VIBuffer\Test</Filter>
    </ClInclude>
    <ClInclude Include="..\Public\VIBuffer_Mesh.h">
      <Filter>06.Component\VIBuffer\fbx</Filter>
    </ClInclude>
    <ClInclude Include="..\Public\Mesh.h">
      <Filter>06.Component\Model\Mesh</Filter>
    </ClInclude>
    <ClInclude Include="..\Public\Model.h">
      <Filter>06.Component\Model</Filter>
    </ClInclude>
    <ClInclude Include="..\Public\Camera.h">
      <Filter>05.GameObject\Camera</Filter>
    </ClInclude>
    <ClInclude Include="..\Public\Key_Manager.h">
      <Filter>08.Key\Manager</Filter>
    </ClInclude>
    <ClInclude Include="..\Public\Texture.h">
      <Filter>06.Component\Texture</Filter>
    </ClInclude>
    <ClInclude Include="..\Public\BaseCollider.h">
      <Filter>06.Component\Collider</Filter>
    </ClInclude>
    <ClInclude Include="..\Public\AABB_Collider.h">
      <Filter>06.Component\Collider\AABB</Filter>
    </ClInclude>
    <ClInclude Include="..\Public\Collider_Manager.h">
      <Filter>06.Component\Collider\Manager</Filter>
    </ClInclude>
    <ClInclude Include="..\Public\Material.h">
      <Filter>06.Component\Model\Material</Filter>
    </ClInclude>
    <ClInclude Include="..\Public\OBB_Collider.h">
      <Filter>06.Component\Collider\OBB</Filter>
    </ClInclude>
    <ClInclude Include="..\Public\Bone.h">
      <Filter>06.Component\Model\Bone</Filter>
    </ClInclude>
    <ClInclude Include="..\Public\Animation.h">
      <Filter>06.Component\Model\Animation</Filter>
    </ClInclude>
    <ClInclude Include="..\Public\Channel.h">
      <Filter>06.Component\Model\Animation\Channel</Filter>
    </ClInclude>
    <ClInclude Include="..\Public\Map_Manager.h">
      <Filter>09.MapTool\Map_Manager</Filter>
    </ClInclude>
    <ClInclude Include="..\Public\VIBuffer_Terrain.h">
      <Filter>06.Component\VIBuffer\Terrain</Filter>
    </ClInclude>
    <ClInclude Include="..\Public\VIBuffer_Cube.h">
      <Filter>06.Component\VIBuffer\Cube</Filter>
    </ClInclude>
    <ClInclude Include="..\Public\Camera_Manager.h">
      <Filter>05.GameObject\Camera</Filter>
    </ClInclude>
    <ClInclude Include="..\Public\ContainerObject.h">
      <Filter>05.GameObject\ContainerObject</Filter>
    </ClInclude>
    <ClInclude Include="..\Public\PartObject.h">
      <Filter>05.GameObject\ContainerObject\PartObject</Filter>
    </ClInclude>
    <ClInclude Include="..\Public\FSM.h">
      <Filter>10.FSM</Filter>
    </ClInclude>
    <ClInclude Include="..\Public\Font_Manager.h">
      <Filter>11.Font\Font_Manager</Filter>
    </ClInclude>
    <ClInclude Include="..\Public\CustomFont.h">
      <Filter>11.Font</Filter>
    </ClInclude>
    <ClInclude Include="..\Public\Sphere_Collider.h">
      <Filter>06.Component\Collider\Sphere</Filter>
    </ClInclude>
    <ClInclude Include="..\Public\stb_image_write.h">
      <Filter>99.Defines</Filter>
    </ClInclude>
    <ClInclude Include="..\Public\stb_image.h">
      <Filter>99.Defines</Filter>
    </ClInclude>
    <ClInclude Include="..\Public\Navigation.h">
      <Filter>06.Component\Navigation</Filter>
    </ClInclude>
    <ClInclude Include="..\Public\Cell.h">
      <Filter>06.Component\Navigation\Cell</Filter>
    </ClInclude>
    <ClInclude Include="..\Public\VIBuffer_Cell.h">
      <Filter>06.Component\VIBuffer\Cell</Filter>
    </ClInclude>
    <ClInclude Include="..\Public\VIBuffer_Instance.h">
      <Filter>06.Component\VIBuffer\Instancing</Filter>
    </ClInclude>
    <ClInclude Include="..\Public\VIBuffer_Mesh_Instance.h">
      <Filter>06.Component\VIBuffer\Instancing\Model</Filter>
    </ClInclude>
    <ClInclude Include="..\Public\InstanceModel.h">
      <Filter>06.Component\VIBuffer\Instancing\Model\InstanceModel</Filter>
    </ClInclude>
    <ClInclude Include="..\Public\UIObject.h">
      <Filter>05.GameObject\UIObject</Filter>
    </ClInclude>
    <ClInclude Include="..\Public\UI_Manager.h">
      <Filter>12.UI</Filter>
    </ClInclude>
    <ClInclude Include="..\Public\Light.h">
      <Filter>13.Light</Filter>
    </ClInclude>
    <ClInclude Include="..\Public\Light_Manager.h">
      <Filter>13.Light\Manager</Filter>
    </ClInclude>
    <ClInclude Include="..\Public\RenderTarget.h">
      <Filter>14.RenderTargets</Filter>
    </ClInclude>
    <ClInclude Include="..\Public\Target_Manager.h">
      <Filter>14.RenderTargets\Manager</Filter>
    </ClInclude>
    <ClInclude Include="..\Public\Picking.h">
      <Filter>15.Picking</Filter>
    </ClInclude>
  </ItemGroup>
  <ItemGroup>
    <FxCompile Include="..\..\Resources\Shaders\Shader_Deferred.hlsl">
      <Filter>99.Defines\Shader</Filter>
    </FxCompile>
  </ItemGroup>
</Project>