<?xml version="1.0" encoding="utf-8"?>
<Project ToolsVersion="4.0" xmlns="http://schemas.microsoft.com/developer/msbuild/2003">
  <ItemGroup>
    <Filter Include="00.GameInstance">
      <UniqueIdentifier>{35385530-c9a2-4ba6-bbb5-58daffe5543b}</UniqueIdentifier>
    </Filter>
    <Filter Include="01.Timers">
      <UniqueIdentifier>{97a7fae7-fb0e-4a8f-88a8-7fc4cba77824}</UniqueIdentifier>
    </Filter>
    <Filter Include="01.Timers\Manager">
      <UniqueIdentifier>{7eb885d5-ceab-4263-81d7-d0a61a4587fe}</UniqueIdentifier>
    </Filter>
    <Filter Include="99.Defines">
      <UniqueIdentifier>{d2172ce8-2a75-43d7-88d1-576988ac81fe}</UniqueIdentifier>
    </Filter>
    <Filter Include="02.Device">
      <UniqueIdentifier>{c5420b2d-76f9-445e-bf4f-a31698de3246}</UniqueIdentifier>
    </Filter>
    <Filter Include="02.Device\Graphic">
      <UniqueIdentifier>{17718b39-620d-4f2d-b88c-c629a278d134}</UniqueIdentifier>
    </Filter>
    <Filter Include="03.Level">
      <UniqueIdentifier>{9e4daaf0-5c70-437f-8cb2-f75a9e3135fe}</UniqueIdentifier>
    </Filter>
    <Filter Include="03.Level\Manager">
      <UniqueIdentifier>{36b4c6de-448f-4014-984e-65f9a6807f20}</UniqueIdentifier>
    </Filter>
    <Filter Include="04.Prototype">
      <UniqueIdentifier>{5da78cdb-3eef-485b-8d62-2d84b3cd1629}</UniqueIdentifier>
    </Filter>
    <Filter Include="05.GameObject">
      <UniqueIdentifier>{616e2efe-7fa9-4f11-bb63-5b0164c9af13}</UniqueIdentifier>
    </Filter>
    <Filter Include="06.Component">
      <UniqueIdentifier>{684bf64d-ba9b-4434-b80a-692c325e582a}</UniqueIdentifier>
    </Filter>
    <Filter Include="04.Prototype\Manager">
      <UniqueIdentifier>{03358375-895e-451b-b849-ee2fc291bad3}</UniqueIdentifier>
    </Filter>
    <Filter Include="05.GameObject\Manager">
      <UniqueIdentifier>{615b3905-a2e4-4195-a997-66ae8f060def}</UniqueIdentifier>
    </Filter>
    <Filter Include="05.GameObject\Manager\Layer">
      <UniqueIdentifier>{d453ff19-4222-4bfd-b7a9-3d233d3ec7fc}</UniqueIdentifier>
    </Filter>
    <Filter Include="07.Renderer">
      <UniqueIdentifier>{43698cb2-63b4-4d5e-a55d-42cf8442e5ec}</UniqueIdentifier>
    </Filter>
    <Filter Include="98.ImGui">
      <UniqueIdentifier>{fc1ad67a-1562-428e-ab43-204e2be57a1e}</UniqueIdentifier>
    </Filter>
    <Filter Include="98.ImGui\Manager">
      <UniqueIdentifier>{743f0a46-d3be-4dce-acad-35c9d43058a5}</UniqueIdentifier>
    </Filter>
    <Filter Include="98.ImGui\ImGUI">
      <UniqueIdentifier>{69818df8-1b83-471b-8022-575e255da66b}</UniqueIdentifier>
    </Filter>
    <Filter Include="98.ImGui\ImGUIzmo">
      <UniqueIdentifier>{f91ad1f7-25fa-44a0-8979-d29a55b78a14}</UniqueIdentifier>
    </Filter>
    <Filter Include="06.Component\VIBuffer">
      <UniqueIdentifier>{c682f080-0dec-4468-852c-00ead7b55340}</UniqueIdentifier>
    </Filter>
    <Filter Include="06.Component\VIBuffer\fbx">
      <UniqueIdentifier>{640a9aad-3471-473c-8347-15d3686d2746}</UniqueIdentifier>
    </Filter>
    <Filter Include="08.Resource">
      <UniqueIdentifier>{04c9d799-b9ad-4186-a1a9-dd411c18564b}</UniqueIdentifier>
    </Filter>
    <Filter Include="08.Resource\Manager">
      <UniqueIdentifier>{8e85e7e9-17c0-4361-b2fb-ef74c190af3a}</UniqueIdentifier>
    </Filter>
    <Filter Include="06.Component\Transform">
      <UniqueIdentifier>{6b1c9871-e341-4926-9d31-2203c8df479a}</UniqueIdentifier>
    </Filter>
    <Filter Include="05.GameObject\Camera">
      <UniqueIdentifier>{bf83737a-d9ea-4998-8a05-3f7352155fb1}</UniqueIdentifier>
    </Filter>
    <Filter Include="08.Resource\Shader">
      <UniqueIdentifier>{2c2dd43b-9a8c-4b60-891f-0aca875ed636}</UniqueIdentifier>
    </Filter>
    <Filter Include="08.Resource\Shader\HLSL">
      <UniqueIdentifier>{8bafd80c-a923-41eb-9d67-386de7644b1a}</UniqueIdentifier>
    </Filter>
    <Filter Include="08.Resource\Shader\ShaderType">
      <UniqueIdentifier>{843c003c-c4b7-454c-bf4b-fb907afa1f30}</UniqueIdentifier>
    </Filter>
  </ItemGroup>
  <ItemGroup>
    <ClCompile Include="..\Private\GameInstance.cpp">
      <Filter>00.GameInstance</Filter>
    </ClCompile>
    <ClCompile Include="..\Private\Timer_Manager.cpp">
      <Filter>01.Timers\Manager</Filter>
    </ClCompile>
    <ClCompile Include="..\Private\Timer.cpp">
      <Filter>01.Timers</Filter>
    </ClCompile>
    <ClCompile Include="..\Private\Graphic_Device.cpp">
      <Filter>02.Device\Graphic</Filter>
    </ClCompile>
    <ClCompile Include="..\Private\CLevel.cpp">
      <Filter>03.Level</Filter>
    </ClCompile>
    <ClCompile Include="..\Private\Level_Manager.cpp">
      <Filter>03.Level\Manager</Filter>
    </ClCompile>
    <ClCompile Include="..\Private\GameObject.cpp">
      <Filter>05.GameObject</Filter>
    </ClCompile>
    <ClCompile Include="..\Private\Component.cpp">
      <Filter>06.Component</Filter>
    </ClCompile>
    <ClCompile Include="..\Private\Prototype_Manager.cpp">
      <Filter>04.Prototype\Manager</Filter>
    </ClCompile>
    <ClCompile Include="..\Private\Prototype.cpp">
      <Filter>04.Prototype</Filter>
    </ClCompile>
    <ClCompile Include="..\Private\Object_Manager.cpp">
      <Filter>05.GameObject\Manager</Filter>
    </ClCompile>
    <ClCompile Include="..\Private\Layer.cpp">
      <Filter>05.GameObject\Manager\Layer</Filter>
    </ClCompile>
    <ClCompile Include="..\Private\Renderer.cpp">
      <Filter>07.Renderer</Filter>
    </ClCompile>
    <ClCompile Include="..\Private\ImGUI_Manager.cpp">
      <Filter>98.ImGui\Manager</Filter>
    </ClCompile>
    <ClCompile Include="..\lib\imgui\imgui-1.83\imgui.cpp">
      <Filter>98.ImGui\ImGUI</Filter>
    </ClCompile>
    <ClCompile Include="..\lib\imgui\imgui-1.83\imgui_demo.cpp">
      <Filter>98.ImGui\ImGUI</Filter>
    </ClCompile>
    <ClCompile Include="..\lib\imgui\imgui-1.83\imgui_draw.cpp">
      <Filter>98.ImGui\ImGUI</Filter>
    </ClCompile>
    <ClCompile Include="..\lib\imgui\imgui-1.83\imgui_impl_dx11.cpp">
      <Filter>98.ImGui\ImGUI</Filter>
    </ClCompile>
    <ClCompile Include="..\lib\imgui\imgui-1.83\imgui_impl_win32.cpp">
      <Filter>98.ImGui\ImGUI</Filter>
    </ClCompile>
    <ClCompile Include="..\lib\imgui\imgui-1.83\imgui_tables.cpp">
      <Filter>98.ImGui\ImGUI</Filter>
    </ClCompile>
    <ClCompile Include="..\lib\imgui\imgui-1.83\imgui_widgets.cpp">
      <Filter>98.ImGui\ImGUI</Filter>
    </ClCompile>
    <ClCompile Include="..\Private\VIBuffer.cpp">
      <Filter>06.Component\VIBuffer</Filter>
    </ClCompile>
    <ClCompile Include="..\Private\VIBuffer_Fbx.cpp">
      <Filter>06.Component\VIBuffer\fbx</Filter>
    </ClCompile>
    <ClCompile Include="..\Private\Resource_Manager.cpp">
      <Filter>08.Resource\Manager</Filter>
    </ClCompile>
    <ClCompile Include="..\Private\Resource.cpp">
      <Filter>08.Resource</Filter>
    </ClCompile>
    <ClCompile Include="..\Private\Transform.cpp">
      <Filter>06.Component\Transform</Filter>
    </ClCompile>
    <ClCompile Include="..\lib\imgui\ImGuizmo-1.83\GraphEditor.cpp">
      <Filter>98.ImGui\ImGUIzmo</Filter>
    </ClCompile>
    <ClCompile Include="..\lib\imgui\ImGuizmo-1.83\ImCurveEdit.cpp">
      <Filter>98.ImGui\ImGUIzmo</Filter>
    </ClCompile>
    <ClCompile Include="..\lib\imgui\ImGuizmo-1.83\ImGradient.cpp">
      <Filter>98.ImGui\ImGUIzmo</Filter>
    </ClCompile>
    <ClCompile Include="..\lib\imgui\ImGuizmo-1.83\ImGuizmo.cpp">
      <Filter>98.ImGui\ImGUIzmo</Filter>
    </ClCompile>
    <ClCompile Include="..\lib\imgui\ImGuizmo-1.83\ImSequencer.cpp">
      <Filter>98.ImGui\ImGUIzmo</Filter>
    </ClCompile>
    <ClCompile Include="..\Private\Shader.cpp">
      <Filter>08.Resource\Shader</Filter>
    </ClCompile>
    <ClCompile Include="..\Private\BaseShaderDX11.cpp">
      <Filter>08.Resource\Shader\ShaderType</Filter>
    </ClCompile>
  </ItemGroup>
  <ItemGroup>
    <ClInclude Include="..\Public\GameInstance.h">
      <Filter>00.GameInstance</Filter>
    </ClInclude>
    <ClInclude Include="..\Public\Timer_Manager.h">
      <Filter>01.Timers\Manager</Filter>
    </ClInclude>
    <ClInclude Include="..\Public\Timer.h">
      <Filter>01.Timers</Filter>
    </ClInclude>
    <ClInclude Include="..\Public\Engine_Defines.h">
      <Filter>99.Defines</Filter>
    </ClInclude>
    <ClInclude Include="..\Public\Engine_Enum.h">
      <Filter>99.Defines</Filter>
    </ClInclude>
    <ClInclude Include="..\Public\Engine_Function.h">
      <Filter>99.Defines</Filter>
    </ClInclude>
    <ClInclude Include="..\Public\Engine_Macro.h">
      <Filter>99.Defines</Filter>
    </ClInclude>
    <ClInclude Include="..\Public\Engine_Struct.h">
      <Filter>99.Defines</Filter>
    </ClInclude>
    <ClInclude Include="..\Public\Engine_Typedef.h">
      <Filter>99.Defines</Filter>
    </ClInclude>
    <ClInclude Include="..\Public\Graphic_Device.h">
      <Filter>02.Device\Graphic</Filter>
    </ClInclude>
    <ClInclude Include="..\Public\CLevel.h">
      <Filter>03.Level</Filter>
    </ClInclude>
    <ClInclude Include="..\Public\Level_Manager.h">
      <Filter>03.Level\Manager</Filter>
    </ClInclude>
    <ClInclude Include="..\Public\GameObject.h">
      <Filter>05.GameObject</Filter>
    </ClInclude>
    <ClInclude Include="..\Public\Component.h">
      <Filter>06.Component</Filter>
    </ClInclude>
    <ClInclude Include="..\Public\Prototype_Manager.h">
      <Filter>04.Prototype\Manager</Filter>
    </ClInclude>
    <ClInclude Include="..\Public\Prototype.h">
      <Filter>04.Prototype</Filter>
    </ClInclude>
    <ClInclude Include="..\Public\Object_Manager.h">
      <Filter>05.GameObject\Manager</Filter>
    </ClInclude>
    <ClInclude Include="..\Public\Layer.h">
      <Filter>05.GameObject\Manager\Layer</Filter>
    </ClInclude>
    <ClInclude Include="..\Public\Renderer.h">
      <Filter>07.Renderer</Filter>
    </ClInclude>
    <ClInclude Include="..\Public\ImGUI_Manager.h">
      <Filter>98.ImGui\Manager</Filter>
    </ClInclude>
    <ClInclude Include="..\Public\VIBuffer.h">
      <Filter>06.Component\VIBuffer</Filter>
    </ClInclude>
    <ClInclude Include="..\Public\VIBuffer_Fbx.h">
      <Filter>06.Component\VIBuffer\fbx</Filter>
    </ClInclude>
    <ClInclude Include="..\Public\Resource_Manager.h">
      <Filter>08.Resource\Manager</Filter>
    </ClInclude>
    <ClInclude Include="..\Public\Resource.h">
      <Filter>08.Resource</Filter>
    </ClInclude>
    <ClInclude Include="..\Public\Transform.h">
      <Filter>06.Component\Transform</Filter>
    </ClInclude>
    <ClInclude Include="..\Public\Shader.h">
      <Filter>08.Resource\Shader</Filter>
    </ClInclude>
    <ClInclude Include="..\Public\BaseShaderDX11.h">
      <Filter>08.Resource\Shader\ShaderType</Filter>
    </ClInclude>
  </ItemGroup>
  <ItemGroup>
    <FxCompile Include="..\..\Resources\Shaders\Shader_Base.hlsl">
      <Filter>08.Resource\Shader\HLSL</Filter>
    </FxCompile>
  </ItemGroup>
</Project>