<?xml version="1.0" encoding="utf-8"?>
<Project ToolsVersion="4.0" xmlns="http://schemas.microsoft.com/developer/msbuild/2003">
  <ItemGroup>
    <Filter Include="00. MainGame">
      <UniqueIdentifier>{fba385de-0f88-42bf-a39e-6330e098ee45}</UniqueIdentifier>
    </Filter>
    <Filter Include="98. Default">
      <UniqueIdentifier>{0f6c0f2b-5b14-441d-8501-d9c31ac9d3ac}</UniqueIdentifier>
    </Filter>
    <Filter Include="01. Levels">
      <UniqueIdentifier>{73b582a0-b4c0-4f45-8419-f5ca4523de55}</UniqueIdentifier>
    </Filter>
    <Filter Include="99. Client_Defines">
      <UniqueIdentifier>{5aad0948-e1a1-4f7b-b343-cbc137a99d3f}</UniqueIdentifier>
    </Filter>
    <Filter Include="01. Levels\GamePlay">
      <UniqueIdentifier>{e11bd779-1b4d-474c-bc85-ce48e0d8c20c}</UniqueIdentifier>
    </Filter>
    <Filter Include="01. Levels\Loading">
      <UniqueIdentifier>{22f392be-374c-4f2a-8baf-508a2c87b1bd}</UniqueIdentifier>
    </Filter>
    <Filter Include="01. Levels\Logo">
      <UniqueIdentifier>{49dc4b4e-e752-495c-8d2d-35e6105e9330}</UniqueIdentifier>
    </Filter>
    <Filter Include="01. Levels\Loading\Loader">
      <UniqueIdentifier>{15cf30cc-bd31-417f-bb24-8b7f16cc28b7}</UniqueIdentifier>
    </Filter>
    <Filter Include="01. Levels\MapEditor">
      <UniqueIdentifier>{132a5a52-ab19-4441-a252-68cd97eee680}</UniqueIdentifier>
    </Filter>
    <Filter Include="02. GameObject">
      <UniqueIdentifier>{f53b673a-829b-4eee-a8da-9ae4b4a48719}</UniqueIdentifier>
    </Filter>
    <Filter Include="02. GameObject\Camera">
      <UniqueIdentifier>{b71c7a40-ea76-458c-b0fe-55f010003b28}</UniqueIdentifier>
    </Filter>
    <Filter Include="02. GameObject\97. ShaderFiles">
      <UniqueIdentifier>{0ada410e-46fe-4a03-bc6e-d1b739f37aa0}</UniqueIdentifier>
    </Filter>
    <Filter Include="02. GameObject\Monster">
      <UniqueIdentifier>{ed46eb8c-21f7-404f-8b34-0b7c251e6949}</UniqueIdentifier>
    </Filter>
    <Filter Include="02. GameObject\Terrain">
      <UniqueIdentifier>{22d48c23-cbc7-4db4-9af6-4a3fb5bf8ada}</UniqueIdentifier>
    </Filter>
    <Filter Include="02. GameObject\Sky">
      <UniqueIdentifier>{c75a1e24-05de-4faa-845c-00c9b789d83e}</UniqueIdentifier>
    </Filter>
    <Filter Include="02. GameObject\Obstacle">
      <UniqueIdentifier>{2bc654f8-06d3-45fe-9641-8a0c1b12d4b8}</UniqueIdentifier>
    </Filter>
    <Filter Include="02. GameObject\Player">
      <UniqueIdentifier>{daf71cba-efb0-4324-a97b-546b49f9a2c9}</UniqueIdentifier>
    </Filter>
    <Filter Include="02. GameObject\Player\Body_Player">
      <UniqueIdentifier>{a1af1912-27a8-462d-9857-0fe4b8bbb6bd}</UniqueIdentifier>
    </Filter>
    <Filter Include="02. GameObject\Camera\PerspectiveCamera">
      <UniqueIdentifier>{268f25bd-f788-469d-adf9-c3e4cf39c456}</UniqueIdentifier>
    </Filter>
    <Filter Include="02. GameObject\Camera\PlayerCamera">
      <UniqueIdentifier>{ef8f8d6e-c460-496f-a850-af834518e4c5}</UniqueIdentifier>
    </Filter>
    <Filter Include="02. GameObject\Player\FSM">
      <UniqueIdentifier>{48ad9106-6844-468a-8e07-b50975a1232c}</UniqueIdentifier>
    </Filter>
    <Filter Include="02. GameObject\Player\State">
      <UniqueIdentifier>{8075fe52-f3b4-4d74-9f4c-bf2223550c0a}</UniqueIdentifier>
    </Filter>
    <Filter Include="02. GameObject\Player\State\IDLE">
      <UniqueIdentifier>{aed7f89d-248e-480c-8446-f112f8193c5c}</UniqueIdentifier>
    </Filter>
    <Filter Include="02. GameObject\Player\State\HAND_UP_AND_WALK">
      <UniqueIdentifier>{389be3d1-df14-4fb8-89e6-785b1bd75e3f}</UniqueIdentifier>
    </Filter>
    <Filter Include="02. GameObject\Player\State\HAND_UP_AND_RIGHT">
      <UniqueIdentifier>{ae625f48-5b16-4a3c-8179-fd9665cd9e4d}</UniqueIdentifier>
    </Filter>
    <Filter Include="02. GameObject\Player\State\HAND_UP_AND_LEFT">
      <UniqueIdentifier>{647bd6a0-265a-4915-aa6c-15037756d5a8}</UniqueIdentifier>
    </Filter>
    <Filter Include="02. GameObject\Player\State\HAND_UP">
      <UniqueIdentifier>{2359219a-ba4c-40bc-bb3c-f8e6a9c63c29}</UniqueIdentifier>
    </Filter>
    <Filter Include="02. GameObject\Player\State\RUN">
      <UniqueIdentifier>{816eb416-ae9a-4c11-b6a6-4c2fedba6f11}</UniqueIdentifier>
    </Filter>
    <Filter Include="02. GameObject\Player\State\WALK">
      <UniqueIdentifier>{74c44f29-6121-4969-9aa8-8fbcf52b794c}</UniqueIdentifier>
    </Filter>
    <Filter Include="02. GameObject\Player\State\RIGHT_WALK">
      <UniqueIdentifier>{86c3f7d7-1ab6-46cf-a186-b2951f1091e0}</UniqueIdentifier>
    </Filter>
    <Filter Include="02. GameObject\Player\State\LEFT_WALK">
      <UniqueIdentifier>{0d699248-593d-4d9d-837e-22eaa55e9aef}</UniqueIdentifier>
    </Filter>
    <Filter Include="02. GameObject\Player\State\ROLL">
      <UniqueIdentifier>{1abdb8c4-0c65-4a3d-a1b9-1b0948322f62}</UniqueIdentifier>
    </Filter>
    <Filter Include="02. GameObject\Tree">
      <UniqueIdentifier>{1edb7663-85ea-4b2d-8567-1a1398a39f79}</UniqueIdentifier>
    </Filter>
    <Filter Include="02. GameObject\Player\UI">
      <UniqueIdentifier>{66780bee-cf29-4e6d-8d43-5ce1b49066f3}</UniqueIdentifier>
    </Filter>
    <Filter Include="02. GameObject\Player\UI\MainUI">
      <UniqueIdentifier>{ef8aec36-9ac8-4b0a-a219-62e0da70b888}</UniqueIdentifier>
    </Filter>
    <Filter Include="02. GameObject\Player\UI\Inven">
      <UniqueIdentifier>{f12a8f7b-4fbd-4786-8783-64f93addb9c6}</UniqueIdentifier>
    </Filter>
    <Filter Include="02. GameObject\Player\Weapon">
      <UniqueIdentifier>{317b165f-5469-4a91-8b34-22b6244df6c0}</UniqueIdentifier>
    </Filter>
    <Filter Include="02. GameObject\Bullet">
      <UniqueIdentifier>{243f1c39-8814-4735-a78c-7b9948dbfc67}</UniqueIdentifier>
    </Filter>
    <Filter Include="02. GameObject\Player\UI\Mouse">
      <UniqueIdentifier>{586fa144-0ab0-4133-aab9-f53cc1ac48d8}</UniqueIdentifier>
    </Filter>
    <Filter Include="02. GameObject\Monster\BossMonster">
      <UniqueIdentifier>{44dd7af8-b862-48f5-bc08-6d746fa470d3}</UniqueIdentifier>
    </Filter>
    <Filter Include="02. GameObject\Monster\BossMonster\FSM">
      <UniqueIdentifier>{30907634-fbad-48d5-aeaf-e56a9d978db1}</UniqueIdentifier>
    </Filter>
    <Filter Include="02. GameObject\Monster\BossMonster\State">
      <UniqueIdentifier>{65805efb-5f82-4995-b987-709a39253057}</UniqueIdentifier>
    </Filter>
    <Filter Include="02. GameObject\Monster\BossMonster\State\IDLE">
      <UniqueIdentifier>{b75164bb-464a-4157-a27c-987d73626e63}</UniqueIdentifier>
    </Filter>
    <Filter Include="02. GameObject\Monster\BossMonster\Weapon">
      <UniqueIdentifier>{5725c12d-028f-4a10-ac03-d4402289e24f}</UniqueIdentifier>
    </Filter>
    <Filter Include="02. GameObject\Monster\BossMonster\State\WALK">
      <UniqueIdentifier>{22b6cffe-6634-4cc8-ba43-82b97e7055b0}</UniqueIdentifier>
    </Filter>
    <Filter Include="02. GameObject\Monster\BossMonster\State\RUN">
      <UniqueIdentifier>{878c2e4a-e88a-45d1-9e46-92ad417b3cfa}</UniqueIdentifier>
    </Filter>
    <Filter Include="02. GameObject\Monster\BossMonster\State\ROLL">
      <UniqueIdentifier>{f3d19388-d337-4587-82dc-c1d9ad7d2f98}</UniqueIdentifier>
    </Filter>
    <Filter Include="02. GameObject\Monster\BossMonster\State\RIGHT_WALK">
      <UniqueIdentifier>{a9df6895-902f-4ba8-96ab-406b88a3a731}</UniqueIdentifier>
    </Filter>
    <Filter Include="02. GameObject\Monster\BossMonster\State\LEFT_WALK">
      <UniqueIdentifier>{19d15df4-3ba1-4158-bd7a-fffa53b87886}</UniqueIdentifier>
    </Filter>
    <Filter Include="02. GameObject\Monster\BossMonster\State\HAND_UP">
      <UniqueIdentifier>{d76943f8-b634-484e-8660-b1cba873020e}</UniqueIdentifier>
    </Filter>
    <Filter Include="02. GameObject\Monster\BossMonster\State\HAND_UP_AND_LEFT">
      <UniqueIdentifier>{d713184c-e13c-4211-9c28-f9649df3f00b}</UniqueIdentifier>
    </Filter>
    <Filter Include="02. GameObject\Monster\BossMonster\State\HAND_UP_AND_RIGHT">
      <UniqueIdentifier>{41905ab3-bdff-488a-bdd0-6f55f7685c68}</UniqueIdentifier>
    </Filter>
    <Filter Include="02. GameObject\Monster\BossMonster\State\HAND_UP_AND_WALK">
      <UniqueIdentifier>{e3a65096-2ee5-4c27-bec4-03efb79f80bc}</UniqueIdentifier>
    </Filter>
    <Filter Include="02. GameObject\Monster\BossMonster\Pattern">
      <UniqueIdentifier>{1373312f-f9cc-4072-b258-4418c2085480}</UniqueIdentifier>
    </Filter>
  </ItemGroup>
  <ItemGroup>
    <ClInclude Include="Client.h">
      <Filter>98. Default</Filter>
    </ClInclude>
    <ClInclude Include="framework.h">
      <Filter>98. Default</Filter>
    </ClInclude>
    <ClInclude Include="Resource.h">
      <Filter>98. Default</Filter>
    </ClInclude>
    <ClInclude Include="targetver.h">
      <Filter>98. Default</Filter>
    </ClInclude>
    <ClInclude Include="..\Public\CMainGame.h">
      <Filter>00. MainGame</Filter>
    </ClInclude>
    <ClInclude Include="..\Public\Client_Defines.h">
      <Filter>99. Client_Defines</Filter>
    </ClInclude>
    <ClInclude Include="..\Public\Level_GamePlay.h">
      <Filter>01. Levels\GamePlay</Filter>
    </ClInclude>
    <ClInclude Include="..\Public\Level_Loading.h">
      <Filter>01. Levels\Loading</Filter>
    </ClInclude>
    <ClInclude Include="..\Public\Loader.h">
      <Filter>01. Levels\Loading\Loader</Filter>
    </ClInclude>
    <ClInclude Include="..\Public\Level_Logo.h">
      <Filter>01. Levels\Logo</Filter>
    </ClInclude>
    <ClInclude Include="pch.h">
      <Filter>98. Default</Filter>
    </ClInclude>
    <ClInclude Include="..\Public\MapEditor.h">
      <Filter>01. Levels\MapEditor</Filter>
    </ClInclude>
    <ClInclude Include="..\Public\NavMeshEditor.h">
      <Filter>01. Levels\MapEditor</Filter>
    </ClInclude>
    <ClInclude Include="..\Public\Monster.h">
      <Filter>02. GameObject\Monster</Filter>
    </ClInclude>
    <ClInclude Include="..\Public\Terrain.h">
      <Filter>02. GameObject\Terrain</Filter>
    </ClInclude>
    <ClInclude Include="..\Public\Sky.h">
      <Filter>02. GameObject\Sky</Filter>
    </ClInclude>
    <ClInclude Include="..\Public\Obstacle.h">
      <Filter>02. GameObject\Obstacle</Filter>
    </ClInclude>
    <ClInclude Include="..\Public\Player.h">
      <Filter>02. GameObject\Player</Filter>
    </ClInclude>
    <ClInclude Include="..\Public\Body_Player.h">
      <Filter>02. GameObject\Player\Body_Player</Filter>
    </ClInclude>
    <ClInclude Include="..\Public\PerspectiveCamera.h">
      <Filter>02. GameObject\Camera\PerspectiveCamera</Filter>
    </ClInclude>
    <ClInclude Include="..\Public\PlayerCamera.h">
      <Filter>02. GameObject\Camera\PlayerCamera</Filter>
    </ClInclude>
    <ClInclude Include="..\Public\Player_FSM.h">
      <Filter>02. GameObject\Player\FSM</Filter>
    </ClInclude>
    <ClInclude Include="..\Public\Player_Idle_State.h">
      <Filter>02. GameObject\Player\State\IDLE</Filter>
    </ClInclude>
    <ClInclude Include="..\Public\Player_HAND_UP_AND_WALK_State.h">
      <Filter>02. GameObject\Player\State\HAND_UP_AND_WALK</Filter>
    </ClInclude>
    <ClInclude Include="..\Public\Player_HAND_UP_AND_RIGHT_State.h">
      <Filter>02. GameObject\Player\State\HAND_UP_AND_RIGHT</Filter>
    </ClInclude>
    <ClInclude Include="..\Public\Player_HAND_UP_AND_LEFT_State.h">
      <Filter>02. GameObject\Player\State\HAND_UP_AND_LEFT</Filter>
    </ClInclude>
    <ClInclude Include="..\Public\Player_HAND_UP_State.h">
      <Filter>02. GameObject\Player\State\HAND_UP</Filter>
    </ClInclude>
    <ClInclude Include="..\Public\Player_RUN_State.h">
      <Filter>02. GameObject\Player\State\RUN</Filter>
    </ClInclude>
    <ClInclude Include="..\Public\Player_WALK_State.h">
      <Filter>02. GameObject\Player\State\WALK</Filter>
    </ClInclude>
    <ClInclude Include="..\Public\Player_RIGHT_WALK_State.h">
      <Filter>02. GameObject\Player\State\RIGHT_WALK</Filter>
    </ClInclude>
    <ClInclude Include="..\Public\Player_LEFT_WALK_State.h">
      <Filter>02. GameObject\Player\State\LEFT_WALK</Filter>
    </ClInclude>
    <ClInclude Include="..\Public\Player_ROLL_State.h">
      <Filter>02. GameObject\Player\State\ROLL</Filter>
    </ClInclude>
    <ClInclude Include="..\Public\Tree.h">
      <Filter>02. GameObject\Tree</Filter>
    </ClInclude>
    <ClInclude Include="..\Public\MainUI.h">
      <Filter>02. GameObject\Player\UI\MainUI</Filter>
    </ClInclude>
    <ClInclude Include="..\Public\InvenUI.h">
      <Filter>02. GameObject\Player\UI\Inven</Filter>
    </ClInclude>
    <ClInclude Include="..\Public\Player_Weapon.h">
      <Filter>02. GameObject\Player\Weapon</Filter>
    </ClInclude>
    <ClInclude Include="..\Public\Bullet.h">
      <Filter>02. GameObject\Bullet</Filter>
    </ClInclude>
    <ClInclude Include="..\public\Player_Mouse.h">
      <Filter>02. GameObject\Player\UI\Mouse</Filter>
    </ClInclude>
    <ClInclude Include="..\Public\BossMonster.h">
      <Filter>02. GameObject\Monster\BossMonster</Filter>
    </ClInclude>
    <ClInclude Include="..\Public\BossMonsterFSM.h">
      <Filter>02. GameObject\Monster\BossMonster\FSM</Filter>
    </ClInclude>
    <ClInclude Include="..\Public\Boss_Idle_State.h">
      <Filter>02. GameObject\Monster\BossMonster\State\IDLE</Filter>
    </ClInclude>
    <ClInclude Include="..\Public\Boss_Weapon.h">
      <Filter>02. GameObject\Monster\BossMonster\Weapon</Filter>
    </ClInclude>
    <ClInclude Include="..\Public\Boss_LEFT_WALK_State.h">
      <Filter>02. GameObject\Monster\BossMonster\State\LEFT_WALK</Filter>
    </ClInclude>
    <ClInclude Include="..\Public\Boss_Hand_UP_State.h">
      <Filter>02. GameObject\Monster\BossMonster\State\HAND_UP</Filter>
    </ClInclude>
    <ClInclude Include="..\Public\Boss_HAND_UP_AND_LEFT_State.h">
      <Filter>02. GameObject\Monster\BossMonster\State\HAND_UP_AND_LEFT</Filter>
    </ClInclude>
    <ClInclude Include="..\Public\Boss_HAND_UP_AND_RIGHT_State.h">
      <Filter>02. GameObject\Monster\BossMonster\State\HAND_UP_AND_RIGHT</Filter>
    </ClInclude>
    <ClInclude Include="..\Public\Boss_HAND_UP_AND_WALK_State.h">
      <Filter>02. GameObject\Monster\BossMonster\State\HAND_UP_AND_WALK</Filter>
    </ClInclude>
    <ClInclude Include="..\Public\Boss_RIGHT_WALK_State.h">
      <Filter>02. GameObject\Monster\BossMonster\State\RIGHT_WALK</Filter>
    </ClInclude>
    <ClInclude Include="..\Public\Boss_ROLL_State.h">
      <Filter>02. GameObject\Monster\BossMonster\State\ROLL</Filter>
    </ClInclude>
    <ClInclude Include="..\Public\Boss_RUN_State.h">
      <Filter>02. GameObject\Monster\BossMonster\State\RUN</Filter>
    </ClInclude>
    <ClInclude Include="..\Public\Boss_WALK_State.h">
      <Filter>02. GameObject\Monster\BossMonster\State\WALK</Filter>
    </ClInclude>
    <ClInclude Include="..\Public\BossPattern.h">
      <Filter>02. GameObject\Monster\BossMonster\Pattern</Filter>
    </ClInclude>
  </ItemGroup>
  <ItemGroup>
    <Image Include="Client.ico">
      <Filter>98. Default</Filter>
    </Image>
    <Image Include="small.ico">
      <Filter>98. Default</Filter>
    </Image>
  </ItemGroup>
  <ItemGroup>
    <ResourceCompile Include="Client.rc">
      <Filter>98. Default</Filter>
    </ResourceCompile>
  </ItemGroup>
  <ItemGroup>
    <ClCompile Include="Client.cpp">
      <Filter>98. Default</Filter>
    </ClCompile>
    <ClCompile Include="..\Private\CMainGame.cpp">
      <Filter>00. MainGame</Filter>
    </ClCompile>
    <ClCompile Include="..\Private\Level_GamePlay.cpp">
      <Filter>01. Levels\GamePlay</Filter>
    </ClCompile>
    <ClCompile Include="..\Private\Level_Loading.cpp">
      <Filter>01. Levels\Loading</Filter>
    </ClCompile>
    <ClCompile Include="..\Private\Loader.cpp">
      <Filter>01. Levels\Loading\Loader</Filter>
    </ClCompile>
    <ClCompile Include="..\Private\Level_Logo.cpp">
      <Filter>01. Levels\Logo</Filter>
    </ClCompile>
    <ClCompile Include="..\Private\Monster.cpp">
      <Filter>02. GameObject\Monster</Filter>
    </ClCompile>
    <ClCompile Include="..\Private\Terrain.cpp">
      <Filter>02. GameObject\Terrain</Filter>
    </ClCompile>
    <ClCompile Include="..\Private\Sky.cpp">
      <Filter>02. GameObject\Sky</Filter>
    </ClCompile>
    <ClCompile Include="..\Private\MapEditor.cpp">
      <Filter>01. Levels\MapEditor</Filter>
    </ClCompile>
    <ClCompile Include="..\Private\NavMeshEditor.cpp">
      <Filter>01. Levels\MapEditor</Filter>
    </ClCompile>
    <ClCompile Include="..\Private\Obstacle.cpp">
      <Filter>02. GameObject\Obstacle</Filter>
    </ClCompile>
    <ClCompile Include="..\Private\Player.cpp">
      <Filter>02. GameObject\Player</Filter>
    </ClCompile>
    <ClCompile Include="..\Private\Body_Player.cpp">
      <Filter>02. GameObject\Player\Body_Player</Filter>
    </ClCompile>
    <ClCompile Include="..\Private\PerspectiveCamera.cpp">
      <Filter>02. GameObject\Camera\PerspectiveCamera</Filter>
    </ClCompile>
    <ClCompile Include="..\Private\PlayerCamera.cpp">
      <Filter>02. GameObject\Camera\PlayerCamera</Filter>
    </ClCompile>
    <ClCompile Include="..\Private\Player_FSM.cpp">
      <Filter>02. GameObject\Player\FSM</Filter>
    </ClCompile>
    <ClCompile Include="..\Private\Player_Idle_State.cpp">
      <Filter>02. GameObject\Player\State\IDLE</Filter>
    </ClCompile>
    <ClCompile Include="..\Private\Player_HAND_UP_AND_WALK_State.cpp">
      <Filter>02. GameObject\Player\State\HAND_UP_AND_WALK</Filter>
    </ClCompile>
    <ClCompile Include="..\Private\Player_HAND_UP_AND_RIGHT_State.cpp">
      <Filter>02. GameObject\Player\State\HAND_UP_AND_RIGHT</Filter>
    </ClCompile>
    <ClCompile Include="..\Private\Player_HAND_UP_AND_LEFT_State.cpp">
      <Filter>02. GameObject\Player\State\HAND_UP_AND_LEFT</Filter>
    </ClCompile>
    <ClCompile Include="..\Private\Player_HAND_UP_State.cpp">
      <Filter>02. GameObject\Player\State\HAND_UP</Filter>
    </ClCompile>
    <ClCompile Include="..\Private\Player_RUN_State.cpp">
      <Filter>02. GameObject\Player\State\RUN</Filter>
    </ClCompile>
    <ClCompile Include="..\Private\Player_WALK_State.cpp">
      <Filter>02. GameObject\Player\State\WALK</Filter>
    </ClCompile>
    <ClCompile Include="..\Private\Player_RIGHT_WALK_State.cpp">
      <Filter>02. GameObject\Player\State\RIGHT_WALK</Filter>
    </ClCompile>
    <ClCompile Include="..\Private\Player_LEFT_WALK_State.cpp">
      <Filter>02. GameObject\Player\State\LEFT_WALK</Filter>
    </ClCompile>
    <ClCompile Include="..\Private\Player_ROLL_State.cpp">
      <Filter>02. GameObject\Player\State\ROLL</Filter>
    </ClCompile>
    <ClCompile Include="..\Private\Tree.cpp">
      <Filter>02. GameObject\Tree</Filter>
    </ClCompile>
    <ClCompile Include="..\Private\MainUI.cpp">
      <Filter>02. GameObject\Player\UI\MainUI</Filter>
    </ClCompile>
    <ClCompile Include="..\Private\InvenUI.cpp">
      <Filter>02. GameObject\Player\UI\Inven</Filter>
    </ClCompile>
    <ClCompile Include="..\Private\Player_Weapon.cpp">
      <Filter>02. GameObject\Player\Weapon</Filter>
    </ClCompile>
    <ClCompile Include="..\Private\Bullet.cpp">
      <Filter>02. GameObject\Bullet</Filter>
    </ClCompile>
    <ClCompile Include="..\Private\Player_Mouse.cpp">
      <Filter>02. GameObject\Player\UI\Mouse</Filter>
    </ClCompile>
    <ClCompile Include="..\Private\BossMonster.cpp">
      <Filter>02. GameObject\Monster\BossMonster</Filter>
    </ClCompile>
    <ClCompile Include="..\Private\BossMonsterFSM.cpp">
      <Filter>02. GameObject\Monster\BossMonster\FSM</Filter>
    </ClCompile>
    <ClCompile Include="..\Private\Boss_Idle_State.cpp">
      <Filter>02. GameObject\Monster\BossMonster\State\IDLE</Filter>
    </ClCompile>
    <ClCompile Include="..\Private\Boss_Weapon.cpp">
      <Filter>02. GameObject\Monster\BossMonster\Weapon</Filter>
    </ClCompile>
    <ClCompile Include="..\Private\Boss_LEFT_WALK_State.cpp">
      <Filter>02. GameObject\Monster\BossMonster\State\LEFT_WALK</Filter>
    </ClCompile>
    <ClCompile Include="..\Private\Boss_Hand_UP_State.cpp">
      <Filter>02. GameObject\Monster\BossMonster\State\HAND_UP</Filter>
    </ClCompile>
    <ClCompile Include="..\Private\Boss_HAND_UP_AND_LEFT_State.cpp">
      <Filter>02. GameObject\Monster\BossMonster\State\HAND_UP_AND_LEFT</Filter>
    </ClCompile>
    <ClCompile Include="..\Private\Boss_HAND_UP_AND_RIGHT_State.cpp">
      <Filter>02. GameObject\Monster\BossMonster\State\HAND_UP_AND_RIGHT</Filter>
    </ClCompile>
    <ClCompile Include="..\Private\Boss_HAND_UP_AND_WALK_State.cpp">
      <Filter>02. GameObject\Monster\BossMonster\State\HAND_UP_AND_WALK</Filter>
    </ClCompile>
    <ClCompile Include="..\Private\Boss_RIGHT_WALK_State.cpp">
      <Filter>02. GameObject\Monster\BossMonster\State\RIGHT_WALK</Filter>
    </ClCompile>
    <ClCompile Include="..\Private\Boss_ROLL_State.cpp">
      <Filter>02. GameObject\Monster\BossMonster\State\ROLL</Filter>
    </ClCompile>
    <ClCompile Include="..\Private\Boss_RUN_State.cpp">
      <Filter>02. GameObject\Monster\BossMonster\State\RUN</Filter>
    </ClCompile>
    <ClCompile Include="..\Private\Boss_WALK_State.cpp">
      <Filter>02. GameObject\Monster\BossMonster\State\WALK</Filter>
    </ClCompile>
    <ClCompile Include="..\Private\BossPattern.cpp">
      <Filter>02. GameObject\Monster\BossMonster\Pattern</Filter>
    </ClCompile>
  </ItemGroup>
  <ItemGroup>
    <FxCompile Include="..\..\Resources\Shaders\Shader_Vtx_Fbx.hlsl">
      <Filter>02. GameObject\97. ShaderFiles</Filter>
    </FxCompile>
    <FxCompile Include="..\..\Resources\Shaders\Shader_Vtx_AnimFbx.hlsl">
      <Filter>02. GameObject\97. ShaderFiles</Filter>
    </FxCompile>
    <FxCompile Include="..\..\Resources\Shaders\Shader_Vtx_Terrian.hlsl">
      <Filter>02. GameObject\97. ShaderFiles</Filter>
    </FxCompile>
    <FxCompile Include="..\..\Resources\Shaders\Shader_VtxCube.hlsl">
      <Filter>02. GameObject\97. ShaderFiles</Filter>
    </FxCompile>
    <FxCompile Include="..\..\Resources\Shaders\Shader_Cell.hlsl">
      <Filter>02. GameObject\97. ShaderFiles</Filter>
    </FxCompile>
    <FxCompile Include="..\..\Resources\Shaders\Shader_VtxInstance_Model.hlsl">
      <Filter>02. GameObject\97. ShaderFiles</Filter>
    </FxCompile>
    <FxCompile Include="..\..\Resources\Shaders\Shader_Vtx_Instance_Tex.hlsl">
      <Filter>02. GameObject\97. ShaderFiles</Filter>
    </FxCompile>
    <FxCompile Include="..\..\Resources\Shaders\Shader_VtxPosTex.hlsl">
      <Filter>02. GameObject\97. ShaderFiles</Filter>
    </FxCompile>
  </ItemGroup>
  <ItemGroup>
    <None Include="..\..\Resources\Shaders\Engine_Shader_Defines.hlsli">
      <Filter>02. GameObject\97. ShaderFiles</Filter>
    </None>
  </ItemGroup>
</Project>